Microsoft Visual Studio Solution File, Format Version 10.00
# Visual Studio 2008
Project("{FAE04EC0-301F-11D3-BF4B-00C04F79EFBC}") = "WindowsApplication7", "WindowsApplication7\WindowsApplication7.csproj", "{526141B0-125B-40E9-9937-812AED6D0FFE}"
EndProject
Global
	GlobalSection(SolutionConfigurationPlatforms) = preSolution
		Debug|Any CPU = Debug|Any CPU
		Release|Any CPU = Release|Any CPU
	EndGlobalSection
	GlobalSection(ProjectConfigurationPlatforms) = postSolution
		{526141B0-125B-40E9-9937-812AED6D0FFE}.Debug|Any CPU.ActiveCfg = Debug|Any CPU
		{526141B0-125B-40E9-9937-812AED6D0FFE}.Debug|Any CPU.Build.0 = Debug|Any CPU
		{526141B0-125B-40E9-9937-812AED6D0FFE}.Release|Any CPU.ActiveCfg = Release|Any CPU
		{526141B0-125B-40E9-9937-812AED6D0FFE}.Release|Any CPU.Build.0 = Release|Any CPU
	EndGlobalSection
	GlobalSection(SolutionProperties) = preSolution
		HideSolutionNode = FALSE
	EndGlobalSection
EndGlobal
